{
  "nodes": {
    "home-manager": {
      "inputs": {
        "nixpkgs": [
          "nixpkgs"
        ]
      },
      "locked": {
        "lastModified": 1746659829,
        "narHash": "sha256-/E+ZyaKa28GHtJFuhM77o6yoPcDmKkJKV00eWsldAWw=",
        "owner": "nix-community",
        "repo": "home-manager",
        "rev": "a8e2d08ffdc68123316b57cf2ad51244c7eca335",
        "type": "github"
      },
      "original": {
        "owner": "nix-community",
        "repo": "home-manager",
        "type": "github"
      }
    },
    "home-manager_2": {
      "inputs": {
        "nixpkgs": [
          "zen-browser",
          "nixpkgs"
        ]
      },
      "locked": {
        "lastModified": 1743604125,
        "narHash": "sha256-ZD61DNbsBt1mQbinAaaEqKaJk2RFo9R/j+eYWeGMx7A=",
        "owner": "nix-community",
        "repo": "home-manager",
        "rev": "180fd43eea296e62ae68e079fcf56aba268b9a1a",
        "type": "github"
      },
      "original": {
        "owner": "nix-community",
        "repo": "home-manager",
        "type": "github"
      }
    },
    "nixpkgs": {
      "locked": {
        "lastModified": 1746461020,
        "narHash": "sha256-7+pG1I9jvxNlmln4YgnlW4o+w0TZX24k688mibiFDUE=",
        "owner": "nixos",
        "repo": "nixpkgs",
        "rev": "3730d8a308f94996a9ba7c7138ede69c1b9ac4ae",
        "type": "github"
      },
      "original": {
        "owner": "nixos",
        "ref": "nixos-unstable",
        "repo": "nixpkgs",
        "type": "github"
      }
    },
    "root": {
      "inputs": {
        "home-manager": "home-manager",
        "nixpkgs": "nixpkgs",
        "zen-browser": "zen-browser"
      }
    },
    "zen-browser": {
      "inputs": {
        "home-manager": "home-manager_2",
        "nixpkgs": [
          "nixpkgs"
        ]
      },
      "locked": {
        "lastModified": 1746659907,
        "narHash": "sha256-+omLGTnLOiYD/Zn3ShSRGhmjPCVyqp5p43+RHotiOh8=",
        "owner": "0xc000022070",
        "repo": "zen-browser-flake",
        "rev": "2a43c870564af0a5ccdd3de0b3fe2c1b2a54292f",
        "type": "github"
      },
      "original": {
        "owner": "0xc000022070",
        "repo": "zen-browser-flake",
        "type": "github"
      }
    }
  },
  "root": "root",
  "version": 7
}
